// !$*UTF8*$!
{
	archiveVersion = 1;
	classes = {
	};
	objectVersion = 56;
	objects = {

/* Begin PBXBuildFile section */
		0C611AAF2C695C9D00DDFACB /* MacatiaApp.swift in Sources */ = {isa = PBXBuildFile; fileRef = 0C611AAE2C695C9D00DDFACB /* MacatiaApp.swift */; };
		0C611AB12C695C9D00DDFACB /* ContentView.swift in Sources */ = {isa = PBXBuildFile; fileRef = 0C611AB02C695C9D00DDFACB /* ContentView.swift */; };
		0C611AB32C695C9E00DDFACB /* Assets.xcassets in Resources */ = {isa = PBXBuildFile; fileRef = 0C611AB22C695C9E00DDFACB /* Assets.xcassets */; };
		0C611AB62C695C9E00DDFACB /* Preview Assets.xcassets in Resources */ = {isa = PBXBuildFile; fileRef = 0C611AB52C695C9E00DDFACB /* Preview Assets.xcassets */; };
		0CACD8672C7545EE002C97CF /* WelcomeView.swift in Sources */ = {isa = PBXBuildFile; fileRef = 0CACD8662C7545EE002C97CF /* WelcomeView.swift */; };
		0CACD8692C763D04002C97CF /* CustomButton.swift in Sources */ = {isa = PBXBuildFile; fileRef = 0CACD8682C763D04002C97CF /* CustomButton.swift */; };
		0CACD86B2C7640D9002C97CF /* BorderedButton.swift in Sources */ = {isa = PBXBuildFile; fileRef = 0CACD86A2C7640D9002C97CF /* BorderedButton.swift */; };
/* End PBXBuildFile section */

/* Begin PBXFileReference section */
		0C611AAB2C695C9D00DDFACB /* Macatia.app */ = {isa = PBXFileReference; explicitFileType = wrapper.application; includeInIndex = 0; path = Macatia.app; sourceTree = BUILT_PRODUCTS_DIR; };
		0C611AAE2C695C9D00DDFACB /* MacatiaApp.swift */ = {isa = PBXFileReference; lastKnownFileType = sourcecode.swift; path = MacatiaApp.swift; sourceTree = "<group>"; };
		0C611AB02C695C9D00DDFACB /* ContentView.swift */ = {isa = PBXFileReference; lastKnownFileType = sourcecode.swift; path = ContentView.swift; sourceTree = "<group>"; };
		0C611AB22C695C9E00DDFACB /* Assets.xcassets */ = {isa = PBXFileReference; lastKnownFileType = folder.assetcatalog; path = Assets.xcassets; sourceTree = "<group>"; };
		0C611AB52C695C9E00DDFACB /* Preview Assets.xcassets */ = {isa = PBXFileReference; lastKnownFileType = folder.assetcatalog; path = "Preview Assets.xcassets"; sourceTree = "<group>"; };
		0CACD8662C7545EE002C97CF /* WelcomeView.swift */ = {isa = PBXFileReference; lastKnownFileType = sourcecode.swift; path = WelcomeView.swift; sourceTree = "<group>"; };
		0CACD8682C763D04002C97CF /* CustomButton.swift */ = {isa = PBXFileReference; lastKnownFileType = sourcecode.swift; path = CustomButton.swift; sourceTree = "<group>"; };
		0CACD86A2C7640D9002C97CF /* BorderedButton.swift */ = {isa = PBXFileReference; lastKnownFileType = sourcecode.swift; path = BorderedButton.swift; sourceTree = "<group>"; };
/* End PBXFileReference section */

/* Begin PBXFrameworksBuildPhase section */
		0C611AA82C695C9D00DDFACB /* Frameworks */ = {
			isa = PBXFrameworksBuildPhase;
			buildActionMask = 2147483647;
			files = (
			);
			runOnlyForDeploymentPostprocessing = 0;
		};
/* End PBXFrameworksBuildPhase section */

/* Begin PBXGroup section */
		0C611AA22C695C9D00DDFACB = {
			isa = PBXGroup;
			children = (
				0C611AAD2C695C9D00DDFACB /* Macatia */,
				0C611AAC2C695C9D00DDFACB /* Products */,
			);
			sourceTree = "<group>";
		};
		0C611AAC2C695C9D00DDFACB /* Products */ = {
			isa = PBXGroup;
			children = (
				0C611AAB2C695C9D00DDFACB /* Macatia.app */,
			);
			name = Products;
			sourceTree = "<group>";
		};
		0C611AAD2C695C9D00DDFACB /* Macatia */ = {
			isa = PBXGroup;
			children = (
				0C611ABF2C695D3200DDFACB /* ViewModel */,
				0C611ABE2C695D1600DDFACB /* View */,
				0C611ABC2C695CF700DDFACB /* Model */,
				0C611AAE2C695C9D00DDFACB /* MacatiaApp.swift */,
				0C611AB22C695C9E00DDFACB /* Assets.xcassets */,
				0C611AB42C695C9E00DDFACB /* Preview Content */,
			);
			path = Macatia;
			sourceTree = "<group>";
		};
		0C611AB42C695C9E00DDFACB /* Preview Content */ = {
			isa = PBXGroup;
			children = (
				0C611AB52C695C9E00DDFACB /* Preview Assets.xcassets */,
			);
			path = "Preview Content";
			sourceTree = "<group>";
		};
		0C611ABC2C695CF700DDFACB /* Model */ = {
			isa = PBXGroup;
			children = (
			);
			path = Model;
			sourceTree = "<group>";
		};
		0C611ABE2C695D1600DDFACB /* View */ = {
			isa = PBXGroup;
			children = (
				0C611AB02C695C9D00DDFACB /* ContentView.swift */,
				0CACD8662C7545EE002C97CF /* WelcomeView.swift */,
				0CACD8682C763D04002C97CF /* CustomButton.swift */,
				0CACD86A2C7640D9002C97CF /* BorderedButton.swift */,
			);
			path = View;
			sourceTree = "<group>";
		};
		0C611ABF2C695D3200DDFACB /* ViewModel */ = {
			isa = PBXGroup;
			children = (
			);
			path = ViewModel;
			sourceTree = "<group>";
		};
/* End PBXGroup section */

/* Begin PBXNativeTarget section */
		0C611AAA2C695C9D00DDFACB /* Macatia */ = {
			isa = PBXNativeTarget;
			buildConfigurationList = 0C611AB92C695C9E00DDFACB /* Build configuration list for PBXNativeTarget "Macatia" */;
			buildPhases = (
				0C611AA72C695C9D00DDFACB /* Sources */,
				0C611AA82C695C9D00DDFACB /* Frameworks */,
				0C611AA92C695C9D00DDFACB /* Resources */,
			);
			buildRules = (
			);
			dependencies = (
			);
			name = Macatia;
			productName = Macatia;
			productReference = 0C611AAB2C695C9D00DDFACB /* Macatia.app */;
			productType = "com.apple.product-type.application";
		};
/* End PBXNativeTarget section */

/* Begin PBXProject section */
		0C611AA32C695C9D00DDFACB /* Project object */ = {
			isa = PBXProject;
			attributes = {
				BuildIndependentTargetsInParallel = 1;
				LastSwiftUpdateCheck = 1540;
				LastUpgradeCheck = 1540;
				TargetAttributes = {
					0C611AAA2C695C9D00DDFACB = {
						CreatedOnToolsVersion = 15.4;
					};
				};
			};
			buildConfigurationList = 0C611AA62C695C9D00DDFACB /* Build configuration list for PBXProject "Macatia" */;
			compatibilityVersion = "Xcode 14.0";
			developmentRegion = en;
			hasScannedForEncodings = 0;
			knownRegions = (
				en,
				Base,
			);
			mainGroup = 0C611AA22C695C9D00DDFACB;
			productRefGroup = 0C611AAC2C695C9D00DDFACB /* Products */;
			projectDirPath = "";
			projectRoot = "";
			targets = (
				0C611AAA2C695C9D00DDFACB /* Macatia */,
			);
		};
/* End PBXProject section */

/* Begin PBXResourcesBuildPhase section */
		0C611AA92C695C9D00DDFACB /* Resources */ = {
			isa = PBXResourcesBuildPhase;
			buildActionMask = 2147483647;
			files = (
				0C611AB62C695C9E00DDFACB /* Preview Assets.xcassets in Resources */,
				0C611AB32C695C9E00DDFACB /* Assets.xcassets in Resources */,
			);
			runOnlyForDeploymentPostprocessing = 0;
		};
/* End PBXResourcesBuildPhase section */

/* Begin PBXSourcesBuildPhase section */
		0C611AA72C695C9D00DDFACB /* Sources */ = {
			isa = PBXSourcesBuildPhase;
			buildActionMask = 2147483647;
			files = (
				0CACD86B2C7640D9002C97CF /* BorderedButton.swift in Sources */,
				0CACD8692C763D04002C97CF /* CustomButton.swift in Sources */,
				0C611AB12C695C9D00DDFACB /* ContentView.swift in Sources */,
				0CACD8672C7545EE002C97CF /* WelcomeView.swift in Sources */,
				0C611AAF2C695C9D00DDFACB /* MacatiaApp.swift in Sources */,
			);
			runOnlyForDeploymentPostprocessing = 0;
		};
/* End PBXSourcesBuildPhase section */

/* Begin XCBuildConfiguration section */
		0C611AB72C695C9E00DDFACB /* Debug */ = {
			isa = XCBuildConfiguration;
			buildSettings = {
				ALWAYS_SEARCH_USER_PATHS = NO;
				ASSETCATALOG_COMPILER_GENERATE_SWIFT_ASSET_SYMBOL_EXTENSIONS = YES;
				CLANG_ANALYZER_NONNULL = YES;
				CLANG_ANALYZER_NUMBER_OBJECT_CONVERSION = YES_AGGRESSIVE;
				CLANG_CXX_LANGUAGE_STANDARD = "gnu++20";
				CLANG_ENABLE_MODULES = YES;
				CLANG_ENABLE_OBJC_ARC = YES;
				CLANG_ENABLE_OBJC_WEAK = YES;
				CLANG_WARN_BLOCK_CAPTURE_AUTORELEASING = YES;
				CLANG_WARN_BOOL_CONVERSION = YES;
				CLANG_WARN_COMMA = YES;
				CLANG_WARN_CONSTANT_CONVERSION = YES;
				CLANG_WARN_DEPRECATED_OBJC_IMPLEMENTATIONS = YES;
				CLANG_WARN_DIRECT_OBJC_ISA_USAGE = YES_ERROR;
				CLANG_WARN_DOCUMENTATION_COMMENTS = YES;
				CLANG_WARN_EMPTY_BODY = YES;
				CLANG_WARN_ENUM_CONVERSION = YES;
				CLANG_WARN_INFINITE_RECURSION = YES;
				CLANG_WARN_INT_CONVERSION = YES;
				CLANG_WARN_NON_LITERAL_NULL_CONVERSION = YES;
				CLANG_WARN_OBJC_IMPLICIT_RETAIN_SELF = YES;
				CLANG_WARN_OBJC_LITERAL_CONVERSION = YES;
				CLANG_WARN_OBJC_ROOT_CLASS = YES_ERROR;
				CLANG_WARN_QUOTED_INCLUDE_IN_FRAMEWORK_HEADER = YES;
				CLANG_WARN_RANGE_LOOP_ANALYSIS = YES;
				CLANG_WARN_STRICT_PROTOTYPES = YES;
				CLANG_WARN_SUSPICIOUS_MOVE = YES;
				CLANG_WARN_UNGUARDED_AVAILABILITY = YES_AGGRESSIVE;
				CLANG_WARN_UNREACHABLE_CODE = YES;
				CLANG_WARN__DUPLICATE_METHOD_MATCH = YES;
				COPY_PHASE_STRIP = NO;
				DEBUG_INFORMATION_FORMAT = dwarf;
				ENABLE_STRICT_OBJC_MSGSEND = YES;
				ENABLE_TESTABILITY = YES;
				ENABLE_USER_SCRIPT_SANDBOXING = YES;
				GCC_C_LANGUAGE_STANDARD = gnu17;
				GCC_DYNAMIC_NO_PIC = NO;
				GCC_NO_COMMON_BLOCKS = YES;
				GCC_OPTIMIZATION_LEVEL = 0;
				GCC_PREPROCESSOR_DEFINITIONS = (
					"DEBUG=1",
					"$(inherited)",
				);
				GCC_WARN_64_TO_32_BIT_CONVERSION = YES;
				GCC_WARN_ABOUT_RETURN_TYPE = YES_ERROR;
				GCC_WARN_UNDECLARED_SELECTOR = YES;
				GCC_WARN_UNINITIALIZED_AUTOS = YES_AGGRESSIVE;
				GCC_WARN_UNUSED_FUNCTION = YES;
				GCC_WARN_UNUSED_VARIABLE = YES;
				IPHONEOS_DEPLOYMENT_TARGET = 17.5;
				LOCALIZATION_PREFERS_STRING_CATALOGS = YES;
				MTL_ENABLE_DEBUG_INFO = INCLUDE_SOURCE;
				MTL_FAST_MATH = YES;
				ONLY_ACTIVE_ARCH = YES;
				SDKROOT = iphoneos;
				SWIFT_ACTIVE_COMPILATION_CONDITIONS = "DEBUG $(inherited)";
				SWIFT_OPTIMIZATION_LEVEL = "-Onone";
			};
			name = Debug;
		};
		0C611AB82C695C9E00DDFACB /* Release */ = {
			isa = XCBuildConfiguration;
			buildSettings = {
				ALWAYS_SEARCH_USER_PATHS = NO;
				ASSETCATALOG_COMPILER_GENERATE_SWIFT_ASSET_SYMBOL_EXTENSIONS = YES;
				CLANG_ANALYZER_NONNULL = YES;
				CLANG_ANALYZER_NUMBER_OBJECT_CONVERSION = YES_AGGRESSIVE;
				CLANG_CXX_LANGUAGE_STANDARD = "gnu++20";
				CLANG_ENABLE_MODULES = YES;
				CLANG_ENABLE_OBJC_ARC = YES;
				CLANG_ENABLE_OBJC_WEAK = YES;
				CLANG_WARN_BLOCK_CAPTURE_AUTORELEASING = YES;
				CLANG_WARN_BOOL_CONVERSION = YES;
				CLANG_WARN_COMMA = YES;
				CLANG_WARN_CONSTANT_CONVERSION = YES;
				CLANG_WARN_DEPRECATED_OBJC_IMPLEMENTATIONS = YES;
				CLANG_WARN_DIRECT_OBJC_ISA_USAGE = YES_ERROR;
				CLANG_WARN_DOCUMENTATION_COMMENTS = YES;
				CLANG_WARN_EMPTY_BODY = YES;
				CLANG_WARN_ENUM_CONVERSION = YES;
				CLANG_WARN_INFINITE_RECURSION = YES;
				CLANG_WARN_INT_CONVERSION = YES;
				CLANG_WARN_NON_LITERAL_NULL_CONVERSION = YES;
				CLANG_WARN_OBJC_IMPLICIT_RETAIN_SELF = YES;
				CLANG_WARN_OBJC_LITERAL_CONVERSION = YES;
				CLANG_WARN_OBJC_ROOT_CLASS = YES_ERROR;
				CLANG_WARN_QUOTED_INCLUDE_IN_FRAMEWORK_HEADER = YES;
				CLANG_WARN_RANGE_LOOP_ANALYSIS = YES;
				CLANG_WARN_STRICT_PROTOTYPES = YES;
				CLANG_WARN_SUSPICIOUS_MOVE = YES;
				CLANG_WARN_UNGUARDED_AVAILABILITY = YES_AGGRESSIVE;
				CLANG_WARN_UNREACHABLE_CODE = YES;
				CLANG_WARN__DUPLICATE_METHOD_MATCH = YES;
				COPY_PHASE_STRIP = NO;
				DEBUG_INFORMATION_FORMAT = "dwarf-with-dsym";
				ENABLE_NS_ASSERTIONS = NO;
				ENABLE_STRICT_OBJC_MSGSEND = YES;
				ENABLE_USER_SCRIPT_SANDBOXING = YES;
				GCC_C_LANGUAGE_STANDARD = gnu17;
				GCC_NO_COMMON_BLOCKS = YES;
				GCC_WARN_64_TO_32_BIT_CONVERSION = YES;
				GCC_WARN_ABOUT_RETURN_TYPE = YES_ERROR;
				GCC_WARN_UNDECLARED_SELECTOR = YES;
				GCC_WARN_UNINITIALIZED_AUTOS = YES_AGGRESSIVE;
				GCC_WARN_UNUSED_FUNCTION = YES;
				GCC_WARN_UNUSED_VARIABLE = YES;
				IPHONEOS_DEPLOYMENT_TARGET = 17.5;
				LOCALIZATION_PREFERS_STRING_CATALOGS = YES;
				MTL_ENABLE_DEBUG_INFO = NO;
				MTL_FAST_MATH = YES;
				SDKROOT = iphoneos;
				SWIFT_COMPILATION_MODE = wholemodule;
				VALIDATE_PRODUCT = YES;
			};
			name = Release;
		};
		0C611ABA2C695C9E00DDFACB /* Debug */ = {
			isa = XCBuildConfiguration;
			buildSettings = {
				ASSETCATALOG_COMPILER_APPICON_NAME = AppIcon;
				ASSETCATALOG_COMPILER_GLOBAL_ACCENT_COLOR_NAME = AccentColor;
				CODE_SIGN_STYLE = Automatic;
				CURRENT_PROJECT_VERSION = 1;
				DEVELOPMENT_ASSET_PATHS = "\"Macatia/Preview Content\"";
				DEVELOPMENT_TEAM = PR546WV65M;
				ENABLE_PREVIEWS = YES;
				GENERATE_INFOPLIST_FILE = YES;
				INFOPLIST_KEY_UIApplicationSceneManifest_Generation = YES;
				INFOPLIST_KEY_UIApplicationSupportsIndirectInputEvents = YES;
				INFOPLIST_KEY_UILaunchScreen_Generation = YES;
				INFOPLIST_KEY_UISupportedInterfaceOrientations_iPad = "UIInterfaceOrientationPortrait UIInterfaceOrientationPortraitUpsideDown UIInterfaceOrientationLandscapeLeft UIInterfaceOrientationLandscapeRight";
				INFOPLIST_KEY_UISupportedInterfaceOrientations_iPhone = "UIInterfaceOrientationPortrait UIInterfaceOrientationLandscapeLeft UIInterfaceOrientationLandscapeRight";
				LD_RUNPATH_SEARCH_PATHS = (
					"$(inherited)",
					"@executable_path/Frameworks",
				);
				MARKETING_VERSION = 1.0;
				PRODUCT_BUNDLE_IDENTIFIER = com.davidclain.Macatia;
				PRODUCT_NAME = "$(TARGET_NAME)";
				SWIFT_EMIT_LOC_STRINGS = YES;
				SWIFT_VERSION = 5.0;
				TARGETED_DEVICE_FAMILY = "1,2";
			};
			name = Debug;
		};
		0C611ABB2C695C9E00DDFACB /* Release */ = {
			isa = XCBuildConfiguration;
			buildSettings = {
				ASSETCATALOG_COMPILER_APPICON_NAME = AppIcon;
				ASSETCATALOG_COMPILER_GLOBAL_ACCENT_COLOR_NAME = AccentColor;
				CODE_SIGN_STYLE = Automatic;
				CURRENT_PROJECT_VERSION = 1;
				DEVELOPMENT_ASSET_PATHS = "\"Macatia/Preview Content\"";
				DEVELOPMENT_TEAM = PR546WV65M;
				ENABLE_PREVIEWS = YES;
				GENERATE_INFOPLIST_FILE = YES;
				INFOPLIST_KEY_UIApplicationSceneManifest_Generation = YES;
				INFOPLIST_KEY_UIApplicationSupportsIndirectInputEvents = YES;
				INFOPLIST_KEY_UILaunchScreen_Generation = YES;
				INFOPLIST_KEY_UISupportedInterfaceOrientations_iPad = "UIInterfaceOrientationPortrait UIInterfaceOrientationPortraitUpsideDown UIInterfaceOrientationLandscapeLeft UIInterfaceOrientationLandscapeRight";
				INFOPLIST_KEY_UISupportedInterfaceOrientations_iPhone = "UIInterfaceOrientationPortrait UIInterfaceOrientationLandscapeLeft UIInterfaceOrientationLandscapeRight";
				LD_RUNPATH_SEARCH_PATHS = (
					"$(inherited)",
					"@executable_path/Frameworks",
				);
				MARKETING_VERSION = 1.0;
				PRODUCT_BUNDLE_IDENTIFIER = com.davidclain.Macatia;
				PRODUCT_NAME = "$(TARGET_NAME)";
				SWIFT_EMIT_LOC_STRINGS = YES;
				SWIFT_VERSION = 5.0;
				TARGETED_DEVICE_FAMILY = "1,2";
			};
			name = Release;
		};
/* End XCBuildConfiguration section */

/* Begin XCConfigurationList section */
		0C611AA62C695C9D00DDFACB /* Build configuration list for PBXProject "Macatia" */ = {
			isa = XCConfigurationList;
			buildConfigurations = (
				0C611AB72C695C9E00DDFACB /* Debug */,
				0C611AB82C695C9E00DDFACB /* Release */,
			);
			defaultConfigurationIsVisible = 0;
			defaultConfigurationName = Release;
		};
		0C611AB92C695C9E00DDFACB /* Build configuration list for PBXNativeTarget "Macatia" */ = {
			isa = XCConfigurationList;
			buildConfigurations = (
				0C611ABA2C695C9E00DDFACB /* Debug */,
				0C611ABB2C695C9E00DDFACB /* Release */,
			);
			defaultConfigurationIsVisible = 0;
			defaultConfigurationName = Release;
		};
/* End XCConfigurationList section */
	};
	rootObject = 0C611AA32C695C9D00DDFACB /* Project object */;
}
